# This file is auto-generated by Loom. Do not edit manually.
# Commit this file to version control.

[metadata]
loom_version = "0.1.0"
generated_at = "2026-03-07T18:15:04.469443309+00:00"
workspace_members = [
    "lib/regmap_core",
    "projects/gpio_timer",
    "platforms/arty_a7",
    "platforms/icebreaker",
    "platforms/sim_generic",
]

[[package]]
name = "soc/regmap_core"
version = "1.0.0"
source = "workspace:lib/regmap_core"
checksum = "sha256:202e82cd093b2dc3a3db6a65446b3c163dac823a7895af0ed5b7e87d5d840e80"
dependencies = []
