# This file is auto-generated by Loom. Do not edit manually.
# Commit this file to version control.

[metadata]
loom_version = "0.1.0"
generated_at = "2026-03-05T01:29:28.400880500+00:00"
workspace_members = [
    "lib/clk_gen",
    "lib/counter",
    "lib/seg7_driver",
    "lib/uart",
    "projects/basys3_uart",
]

[[package]]
name = "demo/clk_gen"
version = "1.0.0"
source = "workspace:lib/clk_gen"
checksum = "sha256:bfc06b97b7f3cd0338f531fd82e71343c952c33a8d01906e428eb8877e232973"
dependencies = []

[[package]]
name = "demo/counter"
version = "1.0.0"
source = "workspace:lib/counter"
checksum = "sha256:471252aa27f6f2091247acb89013496f7056ceaa82845159e628538d12c2aeaf"
dependencies = []

[[package]]
name = "demo/seg7_driver"
version = "1.0.0"
source = "workspace:lib/seg7_driver"
checksum = "sha256:e44ca6067f51e5ee04ee9edbf927409f570220278344851e37a46ed65ca62743"
dependencies = ["counter >=1.0.0"]

[[package]]
name = "demo/uart"
version = "1.0.0"
source = "workspace:lib/uart"
checksum = "sha256:731cda693353902a34834cd45ab5b3e1abbfbea12147912492b4e60f6609e9a9"
dependencies = []
