# This file is auto-generated by Loom. Do not edit manually.
# Commit this file to version control.

[metadata]
loom_version = "0.1.0"
generated_at = "2026-03-05T06:32:17.055376100+00:00"
workspace_members = [
    "lib/io",
    "lib/ucaspian_core",
    "platforms/mimas_a7",
    "platforms/upduino_v3",
    "projects/artix7_ucaspian",
    "projects/ice40_ucaspian",
]

[[package]]
name = "ucaspian/io"
version = "1.0.0"
source = "workspace:lib/io"
checksum = "sha256:7a44ab1ce8b6791f1c2a2d15a66c6644ae7df1f792913417d2ec8f3ab86f6a8c"
dependencies = []

[[package]]
name = "ucaspian/core"
version = "1.0.0"
source = "workspace:lib/ucaspian_core"
checksum = "sha256:f9c289f651bb95bbe65f03cca70cf61c10f3d7399c685ae1e8a18f26094b0aa9"
dependencies = []
