# This file is auto-generated by Loom. Do not edit manually.
# Commit this file to version control.

[metadata]
loom_version = "0.1.0"
generated_at = "2026-03-04T21:47:11.952044200+00:00"
workspace_members = [
    "lib/blinky",
    "lib/counter",
    "projects/basys3_blinky",
]

[[package]]
name = "demo/counter"
version = "1.0.0"
source = "workspace:lib/counter"
checksum = "sha256:471252aa27f6f2091247acb89013496f7056ceaa82845159e628538d12c2aeaf"
dependencies = []

[[package]]
name = "demo/blinky"
version = "1.0.0"
source = "workspace:lib/blinky"
checksum = "sha256:b4a775086feb47298dde301758a8cd862a9663cae5330ead92500f7e808dde0d"
dependencies = ["counter >=1.0.0"]
